github.com/larsartmann/go-error-family v0.10.1 h1:lf1RNjpdK7k+tCzphkg5qRolAY76U8OGEc09ZsZ5S6A=
github.com/larsartmann/go-error-family v0.10.1/go.mod h1:SYSVwVMTkw2GcqXI4khjMYOg7ey39o8sh7rXC9LfNcY=
github.com/larsartmann/go-retry v0.7.1 h1:e3MwEB8SvR0p1XMOtkFofFOS2y5rITzNLmbgZfCtO0c=
github.com/larsartmann/go-retry v0.7.1/go.mod h1:jIPlAHcD/D+lqBo9CLWAEaJQqDgyFtvDE2RoG1SbZL4=
